
Microsoft Visual Studio Solution File, Format Version 12.00
# Visual Studio Version 17
VisualStudioVersion = 17.14.36414.22
MinimumVisualStudioVersion = 10.0.40219.1
Project("{FAE04EC0-301F-11D3-BF4B-00C04F79EFBC}") = "MaC.Core", "MaC.Core\MaC.Core.csproj", "{BCA687EB-BDAA-4108-B028-D74426493842}"
EndProject
Project("{FAE04EC0-301F-11D3-BF4B-00C04F79EFBC}") = "MaC.TestConsole", "..\..\..\..\Users\andre\MaC.TestConsole\MaC.TestConsole.csproj", "{9052FBCB-6A64-4A07-B2CB-BB2F11C07EE5}"
EndProject
Project("{FAE04EC0-301F-11D3-BF4B-00C04F79EFBC}") = "MaC.Tests", "..\..\..\..\Users\andre\source\repos\MaC.Tests\MaC.Tests.csproj", "{69CF6243-8609-490A-9B74-63C02BF810C0}"
EndProject
Project("{FAE04EC0-301F-11D3-BF4B-00C04F79EFBC}") = "MaC.TestData", "..\..\..\..\Users\andre\source\repos\MaC.TestData\MaC.TestData.csproj", "{98C4777F-6A66-4C57-B258-1FCEED3E2907}"
EndProject
Project("{FAE04EC0-301F-11D3-BF4B-00C04F79EFBC}") = "MaC.NinjaTrader", "MaC.NinjaTrader\MaC.NinjaTrader.csproj", "{4224FD73-C4F0-4F4A-B9A8-034EAD951D8A}"
EndProject
Global
	GlobalSection(SolutionConfigurationPlatforms) = preSolution
		Debug|Any CPU = Debug|Any CPU
		Debug|x64 = Debug|x64
		Debug|x86 = Debug|x86
		Release|Any CPU = Release|Any CPU
		Release|x64 = Release|x64
		Release|x86 = Release|x86
	EndGlobalSection
	GlobalSection(ProjectConfigurationPlatforms) = postSolution
		{BCA687EB-BDAA-4108-B028-D74426493842}.Debug|Any CPU.ActiveCfg = Debug|Any CPU
		{BCA687EB-BDAA-4108-B028-D74426493842}.Debug|Any CPU.Build.0 = Debug|Any CPU
		{BCA687EB-BDAA-4108-B028-D74426493842}.Debug|x64.ActiveCfg = Debug|Any CPU
		{BCA687EB-BDAA-4108-B028-D74426493842}.Debug|x64.Build.0 = Debug|Any CPU
		{BCA687EB-BDAA-4108-B028-D74426493842}.Debug|x86.ActiveCfg = Debug|Any CPU
		{BCA687EB-BDAA-4108-B028-D74426493842}.Debug|x86.Build.0 = Debug|Any CPU
		{BCA687EB-BDAA-4108-B028-D74426493842}.Release|Any CPU.ActiveCfg = Release|Any CPU
		{BCA687EB-BDAA-4108-B028-D74426493842}.Release|Any CPU.Build.0 = Release|Any CPU
		{BCA687EB-BDAA-4108-B028-D74426493842}.Release|x64.ActiveCfg = Release|Any CPU
		{BCA687EB-BDAA-4108-B028-D74426493842}.Release|x64.Build.0 = Release|Any CPU
		{BCA687EB-BDAA-4108-B028-D74426493842}.Release|x86.ActiveCfg = Release|Any CPU
		{BCA687EB-BDAA-4108-B028-D74426493842}.Release|x86.Build.0 = Release|Any CPU
		{9052FBCB-6A64-4A07-B2CB-BB2F11C07EE5}.Debug|Any CPU.ActiveCfg = Debug|Any CPU
		{9052FBCB-6A64-4A07-B2CB-BB2F11C07EE5}.Debug|Any CPU.Build.0 = Debug|Any CPU
		{9052FBCB-6A64-4A07-B2CB-BB2F11C07EE5}.Debug|x64.ActiveCfg = Debug|Any CPU
		{9052FBCB-6A64-4A07-B2CB-BB2F11C07EE5}.Debug|x64.Build.0 = Debug|Any CPU
		{9052FBCB-6A64-4A07-B2CB-BB2F11C07EE5}.Debug|x86.ActiveCfg = Debug|Any CPU
		{9052FBCB-6A64-4A07-B2CB-BB2F11C07EE5}.Debug|x86.Build.0 = Debug|Any CPU
		{9052FBCB-6A64-4A07-B2CB-BB2F11C07EE5}.Release|Any CPU.ActiveCfg = Release|Any CPU
		{9052FBCB-6A64-4A07-B2CB-BB2F11C07EE5}.Release|Any CPU.Build.0 = Release|Any CPU
		{9052FBCB-6A64-4A07-B2CB-BB2F11C07EE5}.Release|x64.ActiveCfg = Release|Any CPU
		{9052FBCB-6A64-4A07-B2CB-BB2F11C07EE5}.Release|x64.Build.0 = Release|Any CPU
		{9052FBCB-6A64-4A07-B2CB-BB2F11C07EE5}.Release|x86.ActiveCfg = Release|Any CPU
		{9052FBCB-6A64-4A07-B2CB-BB2F11C07EE5}.Release|x86.Build.0 = Release|Any CPU
		{69CF6243-8609-490A-9B74-63C02BF810C0}.Debug|Any CPU.ActiveCfg = Debug|Any CPU
		{69CF6243-8609-490A-9B74-63C02BF810C0}.Debug|Any CPU.Build.0 = Debug|Any CPU
		{69CF6243-8609-490A-9B74-63C02BF810C0}.Debug|x64.ActiveCfg = Debug|Any CPU
		{69CF6243-8609-490A-9B74-63C02BF810C0}.Debug|x64.Build.0 = Debug|Any CPU
		{69CF6243-8609-490A-9B74-63C02BF810C0}.Debug|x86.ActiveCfg = Debug|Any CPU
		{69CF6243-8609-490A-9B74-63C02BF810C0}.Debug|x86.Build.0 = Debug|Any CPU
		{69CF6243-8609-490A-9B74-63C02BF810C0}.Release|Any CPU.ActiveCfg = Release|Any CPU
		{69CF6243-8609-490A-9B74-63C02BF810C0}.Release|Any CPU.Build.0 = Release|Any CPU
		{69CF6243-8609-490A-9B74-63C02BF810C0}.Release|x64.ActiveCfg = Release|Any CPU
		{69CF6243-8609-490A-9B74-63C02BF810C0}.Release|x64.Build.0 = Release|Any CPU
		{69CF6243-8609-490A-9B74-63C02BF810C0}.Release|x86.ActiveCfg = Release|Any CPU
		{69CF6243-8609-490A-9B74-63C02BF810C0}.Release|x86.Build.0 = Release|Any CPU
		{98C4777F-6A66-4C57-B258-1FCEED3E2907}.Debug|Any CPU.ActiveCfg = Debug|Any CPU
		{98C4777F-6A66-4C57-B258-1FCEED3E2907}.Debug|Any CPU.Build.0 = Debug|Any CPU
		{98C4777F-6A66-4C57-B258-1FCEED3E2907}.Debug|x64.ActiveCfg = Debug|Any CPU
		{98C4777F-6A66-4C57-B258-1FCEED3E2907}.Debug|x64.Build.0 = Debug|Any CPU
		{98C4777F-6A66-4C57-B258-1FCEED3E2907}.Debug|x86.ActiveCfg = Debug|Any CPU
		{98C4777F-6A66-4C57-B258-1FCEED3E2907}.Debug|x86.Build.0 = Debug|Any CPU
		{98C4777F-6A66-4C57-B258-1FCEED3E2907}.Release|Any CPU.ActiveCfg = Release|Any CPU
		{98C4777F-6A66-4C57-B258-1FCEED3E2907}.Release|Any CPU.Build.0 = Release|Any CPU
		{98C4777F-6A66-4C57-B258-1FCEED3E2907}.Release|x64.ActiveCfg = Release|Any CPU
		{98C4777F-6A66-4C57-B258-1FCEED3E2907}.Release|x64.Build.0 = Release|Any CPU
		{98C4777F-6A66-4C57-B258-1FCEED3E2907}.Release|x86.ActiveCfg = Release|Any CPU
		{98C4777F-6A66-4C57-B258-1FCEED3E2907}.Release|x86.Build.0 = Release|Any CPU
		{4224FD73-C4F0-4F4A-B9A8-034EAD951D8A}.Debug|Any CPU.ActiveCfg = Debug|Any CPU
		{4224FD73-C4F0-4F4A-B9A8-034EAD951D8A}.Debug|Any CPU.Build.0 = Debug|Any CPU
		{4224FD73-C4F0-4F4A-B9A8-034EAD951D8A}.Debug|x64.ActiveCfg = Debug|Any CPU
		{4224FD73-C4F0-4F4A-B9A8-034EAD951D8A}.Debug|x64.Build.0 = Debug|Any CPU
		{4224FD73-C4F0-4F4A-B9A8-034EAD951D8A}.Debug|x86.ActiveCfg = Debug|Any CPU
		{4224FD73-C4F0-4F4A-B9A8-034EAD951D8A}.Debug|x86.Build.0 = Debug|Any CPU
		{4224FD73-C4F0-4F4A-B9A8-034EAD951D8A}.Release|Any CPU.ActiveCfg = Release|Any CPU
		{4224FD73-C4F0-4F4A-B9A8-034EAD951D8A}.Release|Any CPU.Build.0 = Release|Any CPU
		{4224FD73-C4F0-4F4A-B9A8-034EAD951D8A}.Release|x64.ActiveCfg = Release|Any CPU
		{4224FD73-C4F0-4F4A-B9A8-034EAD951D8A}.Release|x64.Build.0 = Release|Any CPU
		{4224FD73-C4F0-4F4A-B9A8-034EAD951D8A}.Release|x86.ActiveCfg = Release|Any CPU
		{4224FD73-C4F0-4F4A-B9A8-034EAD951D8A}.Release|x86.Build.0 = Release|Any CPU
	EndGlobalSection
	GlobalSection(SolutionProperties) = preSolution
		HideSolutionNode = FALSE
	EndGlobalSection
	GlobalSection(ExtensibilityGlobals) = postSolution
		SolutionGuid = {BD57F822-17C2-48C3-8948-4D1D5773E3B0}
	EndGlobalSection
EndGlobal
